// !$*UTF8*$!
{
	archiveVersion = 1;
	classes = {
	};
	objectVersion = 56;
	objects = {

/* Begin PBXBuildFile section */
		5BBF2251297156CF00A0D206 /* AppDelegate.swift in Sources */ = {isa = PBXBuildFile; fileRef = 5BBF2250297156CF00A0D206 /* AppDelegate.swift */; };
		5BBF2253297156CF00A0D206 /* SceneDelegate.swift in Sources */ = {isa = PBXBuildFile; fileRef = 5BBF2252297156CF00A0D206 /* SceneDelegate.swift */; };
		5BBF2255297156CF00A0D206 /* ViewController.swift in Sources */ = {isa = PBXBuildFile; fileRef = 5BBF2254297156CF00A0D206 /* ViewController.swift */; };
		5BBF2258297156CF00A0D206 /* Main.storyboard in Resources */ = {isa = PBXBuildFile; fileRef = 5BBF2256297156CF00A0D206 /* Main.storyboard */; };
		5BBF225A297156CF00A0D206 /* Assets.xcassets in Resources */ = {isa = PBXBuildFile; fileRef = 5BBF2259297156CF00A0D206 /* Assets.xcassets */; };
		5BBF225D297156CF00A0D206 /* LaunchScreen.storyboard in Resources */ = {isa = PBXBuildFile; fileRef = 5BBF225B297156CF00A0D206 /* LaunchScreen.storyboard */; };
/* End PBXBuildFile section */

/* Begin PBXFileReference section */
		5BBF224D297156CF00A0D206 /* SegmentedControlSwitchBetweenVCs.app */ = {isa = PBXFileReference; explicitFileType = wrapper.application; includeInIndex = 0; path = SegmentedControlSwitchBetweenVCs.app; sourceTree = BUILT_PRODUCTS_DIR; };
		5BBF2250297156CF00A0D206 /* AppDelegate.swift */ = {isa = PBXFileReference; lastKnownFileType = sourcecode.swift; path = AppDelegate.swift; sourceTree = "<group>"; };
		5BBF2252297156CF00A0D206 /* SceneDelegate.swift */ = {isa = PBXFileReference; lastKnownFileType = sourcecode.swift; path = SceneDelegate.swift; sourceTree = "<group>"; };
		5BBF2254297156CF00A0D206 /* ViewController.swift */ = {isa = PBXFileReference; lastKnownFileType = sourcecode.swift; path = ViewController.swift; sourceTree = "<group>"; };
		5BBF2257297156CF00A0D206 /* Base */ = {isa = PBXFileReference; lastKnownFileType = file.storyboard; name = Base; path = Base.lproj/Main.storyboard; sourceTree = "<group>"; };
		5BBF2259297156CF00A0D206 /* Assets.xcassets */ = {isa = PBXFileReference; lastKnownFileType = folder.assetcatalog; path = Assets.xcassets; sourceTree = "<group>"; };
		5BBF225C297156CF00A0D206 /* Base */ = {isa = PBXFileReference; lastKnownFileType = file.storyboard; name = Base; path = Base.lproj/LaunchScreen.storyboard; sourceTree = "<group>"; };
		5BBF225E297156CF00A0D206 /* Info.plist */ = {isa = PBXFileReference; lastKnownFileType = text.plist.xml; path = Info.plist; sourceTree = "<group>"; };
/* End PBXFileReference section */

/* Begin PBXFrameworksBuildPhase section */
		5BBF224A297156CF00A0D206 /* Frameworks */ = {
			isa = PBXFrameworksBuildPhase;
			buildActionMask = 2147483647;
			files = (
			);
			runOnlyForDeploymentPostprocessing = 0;
		};
/* End PBXFrameworksBuildPhase section */

/* Begin PBXGroup section */
		5BBF2244297156CF00A0D206 = {
			isa = PBXGroup;
			children = (
				5BBF224F297156CF00A0D206 /* SegmentedControlSwitchBetweenVCs */,
				5BBF224E297156CF00A0D206 /* Products */,
			);
			sourceTree = "<group>";
		};
		5BBF224E297156CF00A0D206 /* Products */ = {
			isa = PBXGroup;
			children = (
				5BBF224D297156CF00A0D206 /* SegmentedControlSwitchBetweenVCs.app */,
			);
			name = Products;
			sourceTree = "<group>";
		};
		5BBF224F297156CF00A0D206 /* SegmentedControlSwitchBetweenVCs */ = {
			isa = PBXGroup;
			children = (
				5BBF2267297156FB00A0D206 /* Resources */,
				5BBF2266297156F300A0D206 /* Views */,
				5BBF2265297156E400A0D206 /* Controllers */,
				5BBF2264297156D800A0D206 /* Application */,
				5BBF225E297156CF00A0D206 /* Info.plist */,
			);
			path = SegmentedControlSwitchBetweenVCs;
			sourceTree = "<group>";
		};
		5BBF2264297156D800A0D206 /* Application */ = {
			isa = PBXGroup;
			children = (
				5BBF2250297156CF00A0D206 /* AppDelegate.swift */,
				5BBF2252297156CF00A0D206 /* SceneDelegate.swift */,
			);
			path = Application;
			sourceTree = "<group>";
		};
		5BBF2265297156E400A0D206 /* Controllers */ = {
			isa = PBXGroup;
			children = (
				5BBF2254297156CF00A0D206 /* ViewController.swift */,
			);
			path = Controllers;
			sourceTree = "<group>";
		};
		5BBF2266297156F300A0D206 /* Views */ = {
			isa = PBXGroup;
			children = (
				5BBF225B297156CF00A0D206 /* LaunchScreen.storyboard */,
				5BBF2256297156CF00A0D206 /* Main.storyboard */,
			);
			path = Views;
			sourceTree = "<group>";
		};
		5BBF2267297156FB00A0D206 /* Resources */ = {
			isa = PBXGroup;
			children = (
				5BBF2259297156CF00A0D206 /* Assets.xcassets */,
			);
			path = Resources;
			sourceTree = "<group>";
		};
/* End PBXGroup section */

/* Begin PBXNativeTarget section */
		5BBF224C297156CF00A0D206 /* SegmentedControlSwitchBetweenVCs */ = {
			isa = PBXNativeTarget;
			buildConfigurationList = 5BBF2261297156CF00A0D206 /* Build configuration list for PBXNativeTarget "SegmentedControlSwitchBetweenVCs" */;
			buildPhases = (
				5BBF2249297156CF00A0D206 /* Sources */,
				5BBF224A297156CF00A0D206 /* Frameworks */,
				5BBF224B297156CF00A0D206 /* Resources */,
			);
			buildRules = (
			);
			dependencies = (
			);
			name = SegmentedControlSwitchBetweenVCs;
			productName = SegmentedControlSwitchBetweenVCs;
			productReference = 5BBF224D297156CF00A0D206 /* SegmentedControlSwitchBetweenVCs.app */;
			productType = "com.apple.product-type.application";
		};
/* End PBXNativeTarget section */

/* Begin PBXProject section */
		5BBF2245297156CF00A0D206 /* Project object */ = {
			isa = PBXProject;
			attributes = {
				BuildIndependentTargetsInParallel = 1;
				LastSwiftUpdateCheck = 1400;
				LastUpgradeCheck = 1400;
				TargetAttributes = {
					5BBF224C297156CF00A0D206 = {
						CreatedOnToolsVersion = 14.0.1;
					};
				};
			};
			buildConfigurationList = 5BBF2248297156CF00A0D206 /* Build configuration list for PBXProject "SegmentedControlSwitchBetweenVCs" */;
			compatibilityVersion = "Xcode 14.0";
			developmentRegion = en;
			hasScannedForEncodings = 0;
			knownRegions = (
				en,
				Base,
			);
			mainGroup = 5BBF2244297156CF00A0D206;
			productRefGroup = 5BBF224E297156CF00A0D206 /* Products */;
			projectDirPath = "";
			projectRoot = "";
			targets = (
				5BBF224C297156CF00A0D206 /* SegmentedControlSwitchBetweenVCs */,
			);
		};
/* End PBXProject section */

/* Begin PBXResourcesBuildPhase section */
		5BBF224B297156CF00A0D206 /* Resources */ = {
			isa = PBXResourcesBuildPhase;
			buildActionMask = 2147483647;
			files = (
				5BBF225D297156CF00A0D206 /* LaunchScreen.storyboard in Resources */,
				5BBF225A297156CF00A0D206 /* Assets.xcassets in Resources */,
				5BBF2258297156CF00A0D206 /* Main.storyboard in Resources */,
			);
			runOnlyForDeploymentPostprocessing = 0;
		};
/* End PBXResourcesBuildPhase section */

/* Begin PBXSourcesBuildPhase section */
		5BBF2249297156CF00A0D206 /* Sources */ = {
			isa = PBXSourcesBuildPhase;
			buildActionMask = 2147483647;
			files = (
				5BBF2255297156CF00A0D206 /* ViewController.swift in Sources */,
				5BBF2251297156CF00A0D206 /* AppDelegate.swift in Sources */,
				5BBF2253297156CF00A0D206 /* SceneDelegate.swift in Sources */,
			);
			runOnlyForDeploymentPostprocessing = 0;
		};
/* End PBXSourcesBuildPhase section */

/* Begin PBXVariantGroup section */
		5BBF2256297156CF00A0D206 /* Main.storyboard */ = {
			isa = PBXVariantGroup;
			children = (
				5BBF2257297156CF00A0D206 /* Base */,
			);
			name = Main.storyboard;
			sourceTree = "<group>";
		};
		5BBF225B297156CF00A0D206 /* LaunchScreen.storyboard */ = {
			isa = PBXVariantGroup;
			children = (
				5BBF225C297156CF00A0D206 /* Base */,
			);
			name = LaunchScreen.storyboard;
			sourceTree = "<group>";
		};
/* End PBXVariantGroup section */

/* Begin XCBuildConfiguration section */
		5BBF225F297156CF00A0D206 /* Debug */ = {
			isa = XCBuildConfiguration;
			buildSettings = {
				ALWAYS_SEARCH_USER_PATHS = NO;
				CLANG_ANALYZER_NONNULL = YES;
				CLANG_ANALYZER_NUMBER_OBJECT_CONVERSION = YES_AGGRESSIVE;
				CLANG_CXX_LANGUAGE_STANDARD = "gnu++20";
				CLANG_ENABLE_MODULES = YES;
				CLANG_ENABLE_OBJC_ARC = YES;
				CLANG_ENABLE_OBJC_WEAK = YES;
				CLANG_WARN_BLOCK_CAPTURE_AUTORELEASING = YES;
				CLANG_WARN_BOOL_CONVERSION = YES;
				CLANG_WARN_COMMA = YES;
				CLANG_WARN_CONSTANT_CONVERSION = YES;
				CLANG_WARN_DEPRECATED_OBJC_IMPLEMENTATIONS = YES;
				CLANG_WARN_DIRECT_OBJC_ISA_USAGE = YES_ERROR;
				CLANG_WARN_DOCUMENTATION_COMMENTS = YES;
				CLANG_WARN_EMPTY_BODY = YES;
				CLANG_WARN_ENUM_CONVERSION = YES;
				CLANG_WARN_INFINITE_RECURSION = YES;
				CLANG_WARN_INT_CONVERSION = YES;
				CLANG_WARN_NON_LITERAL_NULL_CONVERSION = YES;
				CLANG_WARN_OBJC_IMPLICIT_RETAIN_SELF = YES;
				CLANG_WARN_OBJC_LITERAL_CONVERSION = YES;
				CLANG_WARN_OBJC_ROOT_CLASS = YES_ERROR;
				CLANG_WARN_QUOTED_INCLUDE_IN_FRAMEWORK_HEADER = YES;
				CLANG_WARN_RANGE_LOOP_ANALYSIS = YES;
				CLANG_WARN_STRICT_PROTOTYPES = YES;
				CLANG_WARN_SUSPICIOUS_MOVE = YES;
				CLANG_WARN_UNGUARDED_AVAILABILITY = YES_AGGRESSIVE;
				CLANG_WARN_UNREACHABLE_CODE = YES;
				CLANG_WARN__DUPLICATE_METHOD_MATCH = YES;
				COPY_PHASE_STRIP = NO;
				DEBUG_INFORMATION_FORMAT = dwarf;
				ENABLE_STRICT_OBJC_MSGSEND = YES;
				ENABLE_TESTABILITY = YES;
				GCC_C_LANGUAGE_STANDARD = gnu11;
				GCC_DYNAMIC_NO_PIC = NO;
				GCC_NO_COMMON_BLOCKS = YES;
				GCC_OPTIMIZATION_LEVEL = 0;
				GCC_PREPROCESSOR_DEFINITIONS = (
					"DEBUG=1",
					"$(inherited)",
				);
				GCC_WARN_64_TO_32_BIT_CONVERSION = YES;
				GCC_WARN_ABOUT_RETURN_TYPE = YES_ERROR;
				GCC_WARN_UNDECLARED_SELECTOR = YES;
				GCC_WARN_UNINITIALIZED_AUTOS = YES_AGGRESSIVE;
				GCC_WARN_UNUSED_FUNCTION = YES;
				GCC_WARN_UNUSED_VARIABLE = YES;
				IPHONEOS_DEPLOYMENT_TARGET = 16.0;
				MTL_ENABLE_DEBUG_INFO = INCLUDE_SOURCE;
				MTL_FAST_MATH = YES;
				ONLY_ACTIVE_ARCH = YES;
				SDKROOT = iphoneos;
				SWIFT_ACTIVE_COMPILATION_CONDITIONS = DEBUG;
				SWIFT_OPTIMIZATION_LEVEL = "-Onone";
			};
			name = Debug;
		};
		5BBF2260297156CF00A0D206 /* Release */ = {
			isa = XCBuildConfiguration;
			buildSettings = {
				ALWAYS_SEARCH_USER_PATHS = NO;
				CLANG_ANALYZER_NONNULL = YES;
				CLANG_ANALYZER_NUMBER_OBJECT_CONVERSION = YES_AGGRESSIVE;
				CLANG_CXX_LANGUAGE_STANDARD = "gnu++20";
				CLANG_ENABLE_MODULES = YES;
				CLANG_ENABLE_OBJC_ARC = YES;
				CLANG_ENABLE_OBJC_WEAK = YES;
				CLANG_WARN_BLOCK_CAPTURE_AUTORELEASING = YES;
				CLANG_WARN_BOOL_CONVERSION = YES;
				CLANG_WARN_COMMA = YES;
				CLANG_WARN_CONSTANT_CONVERSION = YES;
				CLANG_WARN_DEPRECATED_OBJC_IMPLEMENTATIONS = YES;
				CLANG_WARN_DIRECT_OBJC_ISA_USAGE = YES_ERROR;
				CLANG_WARN_DOCUMENTATION_COMMENTS = YES;
				CLANG_WARN_EMPTY_BODY = YES;
				CLANG_WARN_ENUM_CONVERSION = YES;
				CLANG_WARN_INFINITE_RECURSION = YES;
				CLANG_WARN_INT_CONVERSION = YES;
				CLANG_WARN_NON_LITERAL_NULL_CONVERSION = YES;
				CLANG_WARN_OBJC_IMPLICIT_RETAIN_SELF = YES;
				CLANG_WARN_OBJC_LITERAL_CONVERSION = YES;
				CLANG_WARN_OBJC_ROOT_CLASS = YES_ERROR;
				CLANG_WARN_QUOTED_INCLUDE_IN_FRAMEWORK_HEADER = YES;
				CLANG_WARN_RANGE_LOOP_ANALYSIS = YES;
				CLANG_WARN_STRICT_PROTOTYPES = YES;
				CLANG_WARN_SUSPICIOUS_MOVE = YES;
				CLANG_WARN_UNGUARDED_AVAILABILITY = YES_AGGRESSIVE;
				CLANG_WARN_UNREACHABLE_CODE = YES;
				CLANG_WARN__DUPLICATE_METHOD_MATCH = YES;
				COPY_PHASE_STRIP = NO;
				DEBUG_INFORMATION_FORMAT = "dwarf-with-dsym";
				ENABLE_NS_ASSERTIONS = NO;
				ENABLE_STRICT_OBJC_MSGSEND = YES;
				GCC_C_LANGUAGE_STANDARD = gnu11;
				GCC_NO_COMMON_BLOCKS = YES;
				GCC_WARN_64_TO_32_BIT_CONVERSION = YES;
				GCC_WARN_ABOUT_RETURN_TYPE = YES_ERROR;
				GCC_WARN_UNDECLARED_SELECTOR = YES;
				GCC_WARN_UNINITIALIZED_AUTOS = YES_AGGRESSIVE;
				GCC_WARN_UNUSED_FUNCTION = YES;
				GCC_WARN_UNUSED_VARIABLE = YES;
				IPHONEOS_DEPLOYMENT_TARGET = 16.0;
				MTL_ENABLE_DEBUG_INFO = NO;
				MTL_FAST_MATH = YES;
				SDKROOT = iphoneos;
				SWIFT_COMPILATION_MODE = wholemodule;
				SWIFT_OPTIMIZATION_LEVEL = "-O";
				VALIDATE_PRODUCT = YES;
			};
			name = Release;
		};
		5BBF2262297156CF00A0D206 /* Debug */ = {
			isa = XCBuildConfiguration;
			buildSettings = {
				ASSETCATALOG_COMPILER_APPICON_NAME = AppIcon;
				ASSETCATALOG_COMPILER_GLOBAL_ACCENT_COLOR_NAME = AccentColor;
				CODE_SIGN_STYLE = Automatic;
				CURRENT_PROJECT_VERSION = 1;
				GENERATE_INFOPLIST_FILE = YES;
				INFOPLIST_FILE = SegmentedControlSwitchBetweenVCs/Info.plist;
				INFOPLIST_KEY_UIApplicationSupportsIndirectInputEvents = YES;
				INFOPLIST_KEY_UILaunchStoryboardName = LaunchScreen;
				INFOPLIST_KEY_UIMainStoryboardFile = Main;
				INFOPLIST_KEY_UISupportedInterfaceOrientations_iPad = "UIInterfaceOrientationPortrait UIInterfaceOrientationPortraitUpsideDown UIInterfaceOrientationLandscapeLeft UIInterfaceOrientationLandscapeRight";
				INFOPLIST_KEY_UISupportedInterfaceOrientations_iPhone = "UIInterfaceOrientationPortrait UIInterfaceOrientationLandscapeLeft UIInterfaceOrientationLandscapeRight";
				LD_RUNPATH_SEARCH_PATHS = (
					"$(inherited)",
					"@executable_path/Frameworks",
				);
				MARKETING_VERSION = 1.0;
				PRODUCT_BUNDLE_IDENTIFIER = Salem.SegmentedControlSwitchBetweenVCs;
				PRODUCT_NAME = "$(TARGET_NAME)";
				SWIFT_EMIT_LOC_STRINGS = YES;
				SWIFT_VERSION = 5.0;
				TARGETED_DEVICE_FAMILY = "1,2";
			};
			name = Debug;
		};
		5BBF2263297156CF00A0D206 /* Release */ = {
			isa = XCBuildConfiguration;
			buildSettings = {
				ASSETCATALOG_COMPILER_APPICON_NAME = AppIcon;
				ASSETCATALOG_COMPILER_GLOBAL_ACCENT_COLOR_NAME = AccentColor;
				CODE_SIGN_STYLE = Automatic;
				CURRENT_PROJECT_VERSION = 1;
				GENERATE_INFOPLIST_FILE = YES;
				INFOPLIST_FILE = SegmentedControlSwitchBetweenVCs/Info.plist;
				INFOPLIST_KEY_UIApplicationSupportsIndirectInputEvents = YES;
				INFOPLIST_KEY_UILaunchStoryboardName = LaunchScreen;
				INFOPLIST_KEY_UIMainStoryboardFile = Main;
				INFOPLIST_KEY_UISupportedInterfaceOrientations_iPad = "UIInterfaceOrientationPortrait UIInterfaceOrientationPortraitUpsideDown UIInterfaceOrientationLandscapeLeft UIInterfaceOrientationLandscapeRight";
				INFOPLIST_KEY_UISupportedInterfaceOrientations_iPhone = "UIInterfaceOrientationPortrait UIInterfaceOrientationLandscapeLeft UIInterfaceOrientationLandscapeRight";
				LD_RUNPATH_SEARCH_PATHS = (
					"$(inherited)",
					"@executable_path/Frameworks",
				);
				MARKETING_VERSION = 1.0;
				PRODUCT_BUNDLE_IDENTIFIER = Salem.SegmentedControlSwitchBetweenVCs;
				PRODUCT_NAME = "$(TARGET_NAME)";
				SWIFT_EMIT_LOC_STRINGS = YES;
				SWIFT_VERSION = 5.0;
				TARGETED_DEVICE_FAMILY = "1,2";
			};
			name = Release;
		};
/* End XCBuildConfiguration section */

/* Begin XCConfigurationList section */
		5BBF2248297156CF00A0D206 /* Build configuration list for PBXProject "SegmentedControlSwitchBetweenVCs" */ = {
			isa = XCConfigurationList;
			buildConfigurations = (
				5BBF225F297156CF00A0D206 /* Debug */,
				5BBF2260297156CF00A0D206 /* Release */,
			);
			defaultConfigurationIsVisible = 0;
			defaultConfigurationName = Release;
		};
		5BBF2261297156CF00A0D206 /* Build configuration list for PBXNativeTarget "SegmentedControlSwitchBetweenVCs" */ = {
			isa = XCConfigurationList;
			buildConfigurations = (
				5BBF2262297156CF00A0D206 /* Debug */,
				5BBF2263297156CF00A0D206 /* Release */,
			);
			defaultConfigurationIsVisible = 0;
			defaultConfigurationName = Release;
		};
/* End XCConfigurationList section */
	};
	rootObject = 5BBF2245297156CF00A0D206 /* Project object */;
}
